
Microsoft Visual Studio Solution File, Format Version 12.00
# Visual Studio 14
VisualStudioVersion = 14.0.25420.1
MinimumVisualStudioVersion = 10.0.40219.1
Project("{FAE04EC0-301F-11D3-BF4B-00C04F79EFBC}") = "NIVisionDotNet.2015", "NIVisionDotNet.2015.csproj", "{CEE25A3B-04AD-4610-862A-0CFE96485238}"
	ProjectSection(ProjectDependencies) = postProject
		{116ADF14-5A5C-420D-9C0B-6E1EEEC9491D} = {116ADF14-5A5C-420D-9C0B-6E1EEEC9491D}
	EndProjectSection
EndProject
Project("{FAE04EC0-301F-11D3-BF4B-00C04F79EFBC}") = "NIVisionDotNetCommon.2015", "NIVisionDotNetCommon.2015.csproj", "{116ADF14-5A5C-420D-9C0B-6E1EEEC9491D}"
EndProject
Project("{2150E333-8FDC-42A3-9474-1A3956D46DE8}") = "Solution Items", "Solution Items", "{D5AEF556-EC3B-4995-A1D6-05781DAE063B}"
	ProjectSection(SolutionItems) = preProject
		CommonSettings.targets = CommonSettings.targets
	EndProjectSection
EndProject
Global
	GlobalSection(SolutionConfigurationPlatforms) = preSolution
		Debug|x64 = Debug|x64
		Debug|x86 = Debug|x86
		Release|x64 = Release|x64
		Release|x86 = Release|x86
	EndGlobalSection
	GlobalSection(ProjectConfigurationPlatforms) = postSolution
		{CEE25A3B-04AD-4610-862A-0CFE96485238}.Debug|x64.ActiveCfg = Debug|x64
		{CEE25A3B-04AD-4610-862A-0CFE96485238}.Debug|x64.Build.0 = Debug|x64
		{CEE25A3B-04AD-4610-862A-0CFE96485238}.Debug|x86.ActiveCfg = Debug|x86
		{CEE25A3B-04AD-4610-862A-0CFE96485238}.Debug|x86.Build.0 = Debug|x86
		{CEE25A3B-04AD-4610-862A-0CFE96485238}.Release|x64.ActiveCfg = Release|x64
		{CEE25A3B-04AD-4610-862A-0CFE96485238}.Release|x64.Build.0 = Release|x64
		{CEE25A3B-04AD-4610-862A-0CFE96485238}.Release|x86.ActiveCfg = Release|x86
		{CEE25A3B-04AD-4610-862A-0CFE96485238}.Release|x86.Build.0 = Release|x86
		{116ADF14-5A5C-420D-9C0B-6E1EEEC9491D}.Debug|x64.ActiveCfg = Debug|x64
		{116ADF14-5A5C-420D-9C0B-6E1EEEC9491D}.Debug|x64.Build.0 = Debug|x64
		{116ADF14-5A5C-420D-9C0B-6E1EEEC9491D}.Debug|x86.ActiveCfg = Debug|x86
		{116ADF14-5A5C-420D-9C0B-6E1EEEC9491D}.Debug|x86.Build.0 = Debug|x86
		{116ADF14-5A5C-420D-9C0B-6E1EEEC9491D}.Release|x64.ActiveCfg = Release|x64
		{116ADF14-5A5C-420D-9C0B-6E1EEEC9491D}.Release|x64.Build.0 = Release|x64
		{116ADF14-5A5C-420D-9C0B-6E1EEEC9491D}.Release|x86.ActiveCfg = Release|x86
		{116ADF14-5A5C-420D-9C0B-6E1EEEC9491D}.Release|x86.Build.0 = Release|x86
	EndGlobalSection
	GlobalSection(SolutionProperties) = preSolution
		HideSolutionNode = FALSE
	EndGlobalSection
EndGlobal
