
Microsoft Visual Studio Solution File, Format Version 10.00
# Visual Studio 2008
Project("{F184B08F-C81C-45F6-A57F-5ABD9991F28F}") = "Add", "Add.2008.vbproj", "{BA0445BA-F3F2-4A2A-9580-1411A26F0667}"
EndProject
Global
	GlobalSection(SolutionConfigurationPlatforms) = preSolution
		Debug|x86 = Debug|x86
		Release|x86 = Release|x86
	EndGlobalSection
	GlobalSection(ProjectConfigurationPlatforms) = postSolution
		{BA0445BA-F3F2-4A2A-9580-1411A26F0667}.Debug|x86.ActiveCfg = Debug|x86
		{BA0445BA-F3F2-4A2A-9580-1411A26F0667}.Debug|x86.Build.0 = Debug|x86
		{BA0445BA-F3F2-4A2A-9580-1411A26F0667}.Release|x86.ActiveCfg = Release|x86
		{BA0445BA-F3F2-4A2A-9580-1411A26F0667}.Release|x86.Build.0 = Release|x86
	EndGlobalSection
	GlobalSection(SolutionProperties) = preSolution
		HideSolutionNode = FALSE
	EndGlobalSection
EndGlobal
