
Microsoft Visual Studio Solution File, Format Version 10.00
# Visual Studio 2008
Project("{F184B08F-C81C-45F6-A57F-5ABD9991F28F}") = "Fuse Inspection", "Fuse Inspection.2008.vbproj", "{3F8531E2-9DBC-451B-A9A2-692870FD24ED}"
EndProject
Global
	GlobalSection(SolutionConfigurationPlatforms) = preSolution
		Debug|x86 = Debug|x86
		Release|x86 = Release|x86
	EndGlobalSection
	GlobalSection(ProjectConfigurationPlatforms) = postSolution
		{3F8531E2-9DBC-451B-A9A2-692870FD24ED}.Debug|x86.ActiveCfg = Debug|x86
		{3F8531E2-9DBC-451B-A9A2-692870FD24ED}.Debug|x86.Build.0 = Debug|x86
		{3F8531E2-9DBC-451B-A9A2-692870FD24ED}.Release|x86.ActiveCfg = Release|x86
		{3F8531E2-9DBC-451B-A9A2-692870FD24ED}.Release|x86.Build.0 = Release|x86
	EndGlobalSection
	GlobalSection(SolutionProperties) = preSolution
		HideSolutionNode = FALSE
	EndGlobalSection
EndGlobal
