
Microsoft Visual Studio Solution File, Format Version 10.00
# Visual Studio 2008
Project("{FAE04EC0-301F-11D3-BF4B-00C04F79EFBC}") = "Math Lookup", "Math Lookup.2008.csproj", "{E7081048-E258-4A92-B3DD-E3EA5B2F47DD}"
EndProject
Global
	GlobalSection(SolutionConfigurationPlatforms) = preSolution
		Debug|x86 = Debug|x86
		Release|x86 = Release|x86
	EndGlobalSection
	GlobalSection(ProjectConfigurationPlatforms) = postSolution
		{E7081048-E258-4A92-B3DD-E3EA5B2F47DD}.Debug|x86.ActiveCfg = Debug|x86
		{E7081048-E258-4A92-B3DD-E3EA5B2F47DD}.Debug|x86.Build.0 = Debug|x86
		{E7081048-E258-4A92-B3DD-E3EA5B2F47DD}.Release|x86.ActiveCfg = Release|x86
		{E7081048-E258-4A92-B3DD-E3EA5B2F47DD}.Release|x86.Build.0 = Release|x86
	EndGlobalSection
	GlobalSection(SolutionProperties) = preSolution
		HideSolutionNode = FALSE
	EndGlobalSection
EndGlobal
