
Microsoft Visual Studio Solution File, Format Version 10.00
# Visual Studio 2008
Project("{F184B08F-C81C-45F6-A57F-5ABD9991F28F}") = "Find Edges", "Find Edges.2008.vbproj", "{28F787B1-8302-4527-BE65-A3915A1B9E97}"
EndProject
Global
	GlobalSection(SolutionConfigurationPlatforms) = preSolution
		Debug|x86 = Debug|x86
		Release|x86 = Release|x86
	EndGlobalSection
	GlobalSection(ProjectConfigurationPlatforms) = postSolution
		{28F787B1-8302-4527-BE65-A3915A1B9E97}.Debug|x86.ActiveCfg = Debug|x86
		{28F787B1-8302-4527-BE65-A3915A1B9E97}.Debug|x86.Build.0 = Debug|x86
		{28F787B1-8302-4527-BE65-A3915A1B9E97}.Release|x86.ActiveCfg = Release|x86
		{28F787B1-8302-4527-BE65-A3915A1B9E97}.Release|x86.Build.0 = Release|x86
	EndGlobalSection
	GlobalSection(SolutionProperties) = preSolution
		HideSolutionNode = FALSE
	EndGlobalSection
EndGlobal
