
Microsoft Visual Studio Solution File, Format Version 10.00
# Visual Studio 2008
Project("{F184B08F-C81C-45F6-A57F-5ABD9991F28F}") = "Simple Calibration", "Simple Calibration.2008.vbproj", "{92681B63-4224-4EF2-9EC3-855CC887FCA4}"
EndProject
Global
	GlobalSection(SolutionConfigurationPlatforms) = preSolution
		Debug|x86 = Debug|x86
		Release|x86 = Release|x86
	EndGlobalSection
	GlobalSection(ProjectConfigurationPlatforms) = postSolution
		{92681B63-4224-4EF2-9EC3-855CC887FCA4}.Debug|x86.ActiveCfg = Debug|x86
		{92681B63-4224-4EF2-9EC3-855CC887FCA4}.Debug|x86.Build.0 = Debug|x86
		{92681B63-4224-4EF2-9EC3-855CC887FCA4}.Release|x86.ActiveCfg = Release|x86
		{92681B63-4224-4EF2-9EC3-855CC887FCA4}.Release|x86.Build.0 = Release|x86
	EndGlobalSection
	GlobalSection(SolutionProperties) = preSolution
		HideSolutionNode = FALSE
	EndGlobalSection
EndGlobal
